// !$*UTF8*$!
{
	archiveVersion = 1;
	classes = {
	};
	objectVersion = 50;
	objects = {

/* Begin PBXBuildFile section */
		F1429EF024C8689100804E72 /* CalculatePrime.swift in Sources */ = {isa = PBXBuildFile; fileRef = F1429EEF24C8689100804E72 /* CalculatePrime.swift */; };
		F177003924C76C5100831917 /* AppDelegate.swift in Sources */ = {isa = PBXBuildFile; fileRef = F177003824C76C5100831917 /* AppDelegate.swift */; };
		F177003B24C76C5100831917 /* SceneDelegate.swift in Sources */ = {isa = PBXBuildFile; fileRef = F177003A24C76C5100831917 /* SceneDelegate.swift */; };
		F177003D24C76C5100831917 /* ContentView.swift in Sources */ = {isa = PBXBuildFile; fileRef = F177003C24C76C5100831917 /* ContentView.swift */; };
		F177003F24C76C5300831917 /* Assets.xcassets in Resources */ = {isa = PBXBuildFile; fileRef = F177003E24C76C5300831917 /* Assets.xcassets */; };
		F177004224C76C5300831917 /* Preview Assets.xcassets in Resources */ = {isa = PBXBuildFile; fileRef = F177004124C76C5300831917 /* Preview Assets.xcassets */; };
		F177004524C76C5300831917 /* LaunchScreen.storyboard in Resources */ = {isa = PBXBuildFile; fileRef = F177004324C76C5300831917 /* LaunchScreen.storyboard */; };
/* End PBXBuildFile section */

/* Begin PBXFileReference section */
		F1429EEF24C8689100804E72 /* CalculatePrime.swift */ = {isa = PBXFileReference; lastKnownFileType = sourcecode.swift; path = CalculatePrime.swift; sourceTree = "<group>"; };
		F177003524C76C5100831917 /* ConcurrencyTest.app */ = {isa = PBXFileReference; explicitFileType = wrapper.application; includeInIndex = 0; path = ConcurrencyTest.app; sourceTree = BUILT_PRODUCTS_DIR; };
		F177003824C76C5100831917 /* AppDelegate.swift */ = {isa = PBXFileReference; lastKnownFileType = sourcecode.swift; path = AppDelegate.swift; sourceTree = "<group>"; };
		F177003A24C76C5100831917 /* SceneDelegate.swift */ = {isa = PBXFileReference; lastKnownFileType = sourcecode.swift; path = SceneDelegate.swift; sourceTree = "<group>"; };
		F177003C24C76C5100831917 /* ContentView.swift */ = {isa = PBXFileReference; lastKnownFileType = sourcecode.swift; path = ContentView.swift; sourceTree = "<group>"; };
		F177003E24C76C5300831917 /* Assets.xcassets */ = {isa = PBXFileReference; lastKnownFileType = folder.assetcatalog; path = Assets.xcassets; sourceTree = "<group>"; };
		F177004124C76C5300831917 /* Preview Assets.xcassets */ = {isa = PBXFileReference; lastKnownFileType = folder.assetcatalog; path = "Preview Assets.xcassets"; sourceTree = "<group>"; };
		F177004424C76C5300831917 /* Base */ = {isa = PBXFileReference; lastKnownFileType = file.storyboard; name = Base; path = Base.lproj/LaunchScreen.storyboard; sourceTree = "<group>"; };
		F177004624C76C5300831917 /* Info.plist */ = {isa = PBXFileReference; lastKnownFileType = text.plist.xml; path = Info.plist; sourceTree = "<group>"; };
/* End PBXFileReference section */

/* Begin PBXFrameworksBuildPhase section */
		F177003224C76C5100831917 /* Frameworks */ = {
			isa = PBXFrameworksBuildPhase;
			buildActionMask = 2147483647;
			files = (
			);
			runOnlyForDeploymentPostprocessing = 0;
		};
/* End PBXFrameworksBuildPhase section */

/* Begin PBXGroup section */
		F177002C24C76C5100831917 = {
			isa = PBXGroup;
			children = (
				F177003724C76C5100831917 /* ConcurrencyTest */,
				F177003624C76C5100831917 /* Products */,
			);
			sourceTree = "<group>";
		};
		F177003624C76C5100831917 /* Products */ = {
			isa = PBXGroup;
			children = (
				F177003524C76C5100831917 /* ConcurrencyTest.app */,
			);
			name = Products;
			sourceTree = "<group>";
		};
		F177003724C76C5100831917 /* ConcurrencyTest */ = {
			isa = PBXGroup;
			children = (
				F177003824C76C5100831917 /* AppDelegate.swift */,
				F177003A24C76C5100831917 /* SceneDelegate.swift */,
				F177003C24C76C5100831917 /* ContentView.swift */,
				F1429EEF24C8689100804E72 /* CalculatePrime.swift */,
				F177003E24C76C5300831917 /* Assets.xcassets */,
				F177004324C76C5300831917 /* LaunchScreen.storyboard */,
				F177004624C76C5300831917 /* Info.plist */,
				F177004024C76C5300831917 /* Preview Content */,
			);
			path = ConcurrencyTest;
			sourceTree = "<group>";
		};
		F177004024C76C5300831917 /* Preview Content */ = {
			isa = PBXGroup;
			children = (
				F177004124C76C5300831917 /* Preview Assets.xcassets */,
			);
			path = "Preview Content";
			sourceTree = "<group>";
		};
/* End PBXGroup section */

/* Begin PBXNativeTarget section */
		F177003424C76C5100831917 /* ConcurrencyTest */ = {
			isa = PBXNativeTarget;
			buildConfigurationList = F177004924C76C5300831917 /* Build configuration list for PBXNativeTarget "ConcurrencyTest" */;
			buildPhases = (
				F177003124C76C5100831917 /* Sources */,
				F177003224C76C5100831917 /* Frameworks */,
				F177003324C76C5100831917 /* Resources */,
			);
			buildRules = (
			);
			dependencies = (
			);
			name = ConcurrencyTest;
			productName = ConcurrencyTest;
			productReference = F177003524C76C5100831917 /* ConcurrencyTest.app */;
			productType = "com.apple.product-type.application";
		};
/* End PBXNativeTarget section */

/* Begin PBXProject section */
		F177002D24C76C5100831917 /* Project object */ = {
			isa = PBXProject;
			attributes = {
				LastSwiftUpdateCheck = 1200;
				LastUpgradeCheck = 1200;
				TargetAttributes = {
					F177003424C76C5100831917 = {
						CreatedOnToolsVersion = 12.0;
					};
				};
			};
			buildConfigurationList = F177003024C76C5100831917 /* Build configuration list for PBXProject "ConcurrencyTest" */;
			compatibilityVersion = "Xcode 9.3";
			developmentRegion = en;
			hasScannedForEncodings = 0;
			knownRegions = (
				en,
				Base,
			);
			mainGroup = F177002C24C76C5100831917;
			productRefGroup = F177003624C76C5100831917 /* Products */;
			projectDirPath = "";
			projectRoot = "";
			targets = (
				F177003424C76C5100831917 /* ConcurrencyTest */,
			);
		};
/* End PBXProject section */

/* Begin PBXResourcesBuildPhase section */
		F177003324C76C5100831917 /* Resources */ = {
			isa = PBXResourcesBuildPhase;
			buildActionMask = 2147483647;
			files = (
				F177004524C76C5300831917 /* LaunchScreen.storyboard in Resources */,
				F177004224C76C5300831917 /* Preview Assets.xcassets in Resources */,
				F177003F24C76C5300831917 /* Assets.xcassets in Resources */,
			);
			runOnlyForDeploymentPostprocessing = 0;
		};
/* End PBXResourcesBuildPhase section */

/* Begin PBXSourcesBuildPhase section */
		F177003124C76C5100831917 /* Sources */ = {
			isa = PBXSourcesBuildPhase;
			buildActionMask = 2147483647;
			files = (
				F177003924C76C5100831917 /* AppDelegate.swift in Sources */,
				F177003B24C76C5100831917 /* SceneDelegate.swift in Sources */,
				F1429EF024C8689100804E72 /* CalculatePrime.swift in Sources */,
				F177003D24C76C5100831917 /* ContentView.swift in Sources */,
			);
			runOnlyForDeploymentPostprocessing = 0;
		};
/* End PBXSourcesBuildPhase section */

/* Begin PBXVariantGroup section */
		F177004324C76C5300831917 /* LaunchScreen.storyboard */ = {
			isa = PBXVariantGroup;
			children = (
				F177004424C76C5300831917 /* Base */,
			);
			name = LaunchScreen.storyboard;
			sourceTree = "<group>";
		};
/* End PBXVariantGroup section */

/* Begin XCBuildConfiguration section */
		F177004724C76C5300831917 /* Debug */ = {
			isa = XCBuildConfiguration;
			buildSettings = {
				ALWAYS_SEARCH_USER_PATHS = NO;
				CLANG_ANALYZER_NONNULL = YES;
				CLANG_ANALYZER_NUMBER_OBJECT_CONVERSION = YES_AGGRESSIVE;
				CLANG_CXX_LANGUAGE_STANDARD = "gnu++14";
				CLANG_CXX_LIBRARY = "libc++";
				CLANG_ENABLE_MODULES = YES;
				CLANG_ENABLE_OBJC_ARC = YES;
				CLANG_ENABLE_OBJC_WEAK = YES;
				CLANG_WARN_BLOCK_CAPTURE_AUTORELEASING = YES;
				CLANG_WARN_BOOL_CONVERSION = YES;
				CLANG_WARN_COMMA = YES;
				CLANG_WARN_CONSTANT_CONVERSION = YES;
				CLANG_WARN_DEPRECATED_OBJC_IMPLEMENTATIONS = YES;
				CLANG_WARN_DIRECT_OBJC_ISA_USAGE = YES_ERROR;
				CLANG_WARN_DOCUMENTATION_COMMENTS = YES;
				CLANG_WARN_EMPTY_BODY = YES;
				CLANG_WARN_ENUM_CONVERSION = YES;
				CLANG_WARN_INFINITE_RECURSION = YES;
				CLANG_WARN_INT_CONVERSION = YES;
				CLANG_WARN_NON_LITERAL_NULL_CONVERSION = YES;
				CLANG_WARN_OBJC_IMPLICIT_RETAIN_SELF = YES;
				CLANG_WARN_OBJC_LITERAL_CONVERSION = YES;
				CLANG_WARN_OBJC_ROOT_CLASS = YES_ERROR;
				CLANG_WARN_QUOTED_INCLUDE_IN_FRAMEWORK_HEADER = YES;
				CLANG_WARN_RANGE_LOOP_ANALYSIS = YES;
				CLANG_WARN_STRICT_PROTOTYPES = YES;
				CLANG_WARN_SUSPICIOUS_MOVE = YES;
				CLANG_WARN_UNGUARDED_AVAILABILITY = YES_AGGRESSIVE;
				CLANG_WARN_UNREACHABLE_CODE = YES;
				CLANG_WARN__DUPLICATE_METHOD_MATCH = YES;
				COPY_PHASE_STRIP = NO;
				DEBUG_INFORMATION_FORMAT = dwarf;
				ENABLE_STRICT_OBJC_MSGSEND = YES;
				ENABLE_TESTABILITY = YES;
				GCC_C_LANGUAGE_STANDARD = gnu11;
				GCC_DYNAMIC_NO_PIC = NO;
				GCC_NO_COMMON_BLOCKS = YES;
				GCC_OPTIMIZATION_LEVEL = 0;
				GCC_PREPROCESSOR_DEFINITIONS = (
					"DEBUG=1",
					"$(inherited)",
				);
				GCC_WARN_64_TO_32_BIT_CONVERSION = YES;
				GCC_WARN_ABOUT_RETURN_TYPE = YES_ERROR;
				GCC_WARN_UNDECLARED_SELECTOR = YES;
				GCC_WARN_UNINITIALIZED_AUTOS = YES_AGGRESSIVE;
				GCC_WARN_UNUSED_FUNCTION = YES;
				GCC_WARN_UNUSED_VARIABLE = YES;
				IPHONEOS_DEPLOYMENT_TARGET = 14.0;
				MTL_ENABLE_DEBUG_INFO = INCLUDE_SOURCE;
				MTL_FAST_MATH = YES;
				ONLY_ACTIVE_ARCH = YES;
				SDKROOT = iphoneos;
				SWIFT_ACTIVE_COMPILATION_CONDITIONS = DEBUG;
				SWIFT_OPTIMIZATION_LEVEL = "-Onone";
			};
			name = Debug;
		};
		F177004824C76C5300831917 /* Release */ = {
			isa = XCBuildConfiguration;
			buildSettings = {
				ALWAYS_SEARCH_USER_PATHS = NO;
				CLANG_ANALYZER_NONNULL = YES;
				CLANG_ANALYZER_NUMBER_OBJECT_CONVERSION = YES_AGGRESSIVE;
				CLANG_CXX_LANGUAGE_STANDARD = "gnu++14";
				CLANG_CXX_LIBRARY = "libc++";
				CLANG_ENABLE_MODULES = YES;
				CLANG_ENABLE_OBJC_ARC = YES;
				CLANG_ENABLE_OBJC_WEAK = YES;
				CLANG_WARN_BLOCK_CAPTURE_AUTORELEASING = YES;
				CLANG_WARN_BOOL_CONVERSION = YES;
				CLANG_WARN_COMMA = YES;
				CLANG_WARN_CONSTANT_CONVERSION = YES;
				CLANG_WARN_DEPRECATED_OBJC_IMPLEMENTATIONS = YES;
				CLANG_WARN_DIRECT_OBJC_ISA_USAGE = YES_ERROR;
				CLANG_WARN_DOCUMENTATION_COMMENTS = YES;
				CLANG_WARN_EMPTY_BODY = YES;
				CLANG_WARN_ENUM_CONVERSION = YES;
				CLANG_WARN_INFINITE_RECURSION = YES;
				CLANG_WARN_INT_CONVERSION = YES;
				CLANG_WARN_NON_LITERAL_NULL_CONVERSION = YES;
				CLANG_WARN_OBJC_IMPLICIT_RETAIN_SELF = YES;
				CLANG_WARN_OBJC_LITERAL_CONVERSION = YES;
				CLANG_WARN_OBJC_ROOT_CLASS = YES_ERROR;
				CLANG_WARN_QUOTED_INCLUDE_IN_FRAMEWORK_HEADER = YES;
				CLANG_WARN_RANGE_LOOP_ANALYSIS = YES;
				CLANG_WARN_STRICT_PROTOTYPES = YES;
				CLANG_WARN_SUSPICIOUS_MOVE = YES;
				CLANG_WARN_UNGUARDED_AVAILABILITY = YES_AGGRESSIVE;
				CLANG_WARN_UNREACHABLE_CODE = YES;
				CLANG_WARN__DUPLICATE_METHOD_MATCH = YES;
				COPY_PHASE_STRIP = NO;
				DEBUG_INFORMATION_FORMAT = "dwarf-with-dsym";
				ENABLE_NS_ASSERTIONS = NO;
				ENABLE_STRICT_OBJC_MSGSEND = YES;
				GCC_C_LANGUAGE_STANDARD = gnu11;
				GCC_NO_COMMON_BLOCKS = YES;
				GCC_WARN_64_TO_32_BIT_CONVERSION = YES;
				GCC_WARN_ABOUT_RETURN_TYPE = YES_ERROR;
				GCC_WARN_UNDECLARED_SELECTOR = YES;
				GCC_WARN_UNINITIALIZED_AUTOS = YES_AGGRESSIVE;
				GCC_WARN_UNUSED_FUNCTION = YES;
				GCC_WARN_UNUSED_VARIABLE = YES;
				IPHONEOS_DEPLOYMENT_TARGET = 14.0;
				MTL_ENABLE_DEBUG_INFO = NO;
				MTL_FAST_MATH = YES;
				SDKROOT = iphoneos;
				SWIFT_COMPILATION_MODE = wholemodule;
				SWIFT_OPTIMIZATION_LEVEL = "-O";
				VALIDATE_PRODUCT = YES;
			};
			name = Release;
		};
		F177004A24C76C5300831917 /* Debug */ = {
			isa = XCBuildConfiguration;
			buildSettings = {
				ASSETCATALOG_COMPILER_APPICON_NAME = AppIcon;
				ASSETCATALOG_COMPILER_GLOBAL_ACCENT_COLOR_NAME = AccentColor;
				CODE_SIGN_STYLE = Automatic;
				DEVELOPMENT_ASSET_PATHS = "\"ConcurrencyTest/Preview Content\"";
				DEVELOPMENT_TEAM = 6JW3YQAPPF;
				ENABLE_PREVIEWS = YES;
				INFOPLIST_FILE = ConcurrencyTest/Info.plist;
				LD_RUNPATH_SEARCH_PATHS = (
					"$(inherited)",
					"@executable_path/Frameworks",
				);
				PRODUCT_BUNDLE_IDENTIFIER = me.altyn.ConcurrencyTest;
				PRODUCT_NAME = "$(TARGET_NAME)";
				SWIFT_VERSION = 5.0;
				TARGETED_DEVICE_FAMILY = "1,2";
			};
			name = Debug;
		};
		F177004B24C76C5300831917 /* Release */ = {
			isa = XCBuildConfiguration;
			buildSettings = {
				ASSETCATALOG_COMPILER_APPICON_NAME = AppIcon;
				ASSETCATALOG_COMPILER_GLOBAL_ACCENT_COLOR_NAME = AccentColor;
				CODE_SIGN_STYLE = Automatic;
				DEVELOPMENT_ASSET_PATHS = "\"ConcurrencyTest/Preview Content\"";
				DEVELOPMENT_TEAM = 6JW3YQAPPF;
				ENABLE_PREVIEWS = YES;
				INFOPLIST_FILE = ConcurrencyTest/Info.plist;
				LD_RUNPATH_SEARCH_PATHS = (
					"$(inherited)",
					"@executable_path/Frameworks",
				);
				PRODUCT_BUNDLE_IDENTIFIER = me.altyn.ConcurrencyTest;
				PRODUCT_NAME = "$(TARGET_NAME)";
				SWIFT_VERSION = 5.0;
				TARGETED_DEVICE_FAMILY = "1,2";
			};
			name = Release;
		};
/* End XCBuildConfiguration section */

/* Begin XCConfigurationList section */
		F177003024C76C5100831917 /* Build configuration list for PBXProject "ConcurrencyTest" */ = {
			isa = XCConfigurationList;
			buildConfigurations = (
				F177004724C76C5300831917 /* Debug */,
				F177004824C76C5300831917 /* Release */,
			);
			defaultConfigurationIsVisible = 0;
			defaultConfigurationName = Release;
		};
		F177004924C76C5300831917 /* Build configuration list for PBXNativeTarget "ConcurrencyTest" */ = {
			isa = XCConfigurationList;
			buildConfigurations = (
				F177004A24C76C5300831917 /* Debug */,
				F177004B24C76C5300831917 /* Release */,
			);
			defaultConfigurationIsVisible = 0;
			defaultConfigurationName = Release;
		};
/* End XCConfigurationList section */
	};
	rootObject = F177002D24C76C5100831917 /* Project object */;
}
